
Microsoft Visual Studio Solution File, Format Version 12.00
# Visual Studio 2013
VisualStudioVersion = 12.0.31101.0
MinimumVisualStudioVersion = 10.0.40219.1
Project("{FAE04EC0-301F-11D3-BF4B-00C04F79EFBC}") = "Eco Consol", "Eco Consol\Eco Consol.csproj", "{B0E9AFF5-A180-4B2C-8526-9D2F3F83F72E}"
EndProject
Project("{2150E333-8FDC-42A3-9474-1A3956D46DE8}") = "Solution Items", "Solution Items", "{057B3081-3E40-488E-9BFB-16493CDD70EF}"
	ProjectSection(SolutionItems) = preProject
		Documentation\Instuctions for using EcoExcel.docx = Documentation\Instuctions for using EcoExcel.docx
	EndProjectSection
EndProject
Project("{FAE04EC0-301F-11D3-BF4B-00C04F79EFBC}") = "ExcelModule", "ExcelModule\ExcelModule.csproj", "{9F352281-0169-4A2F-887C-4888D402C708}"
EndProject
Global
	GlobalSection(SolutionConfigurationPlatforms) = preSolution
		Debug|Any CPU = Debug|Any CPU
		Release|Any CPU = Release|Any CPU
	EndGlobalSection
	GlobalSection(ProjectConfigurationPlatforms) = postSolution
		{B0E9AFF5-A180-4B2C-8526-9D2F3F83F72E}.Debug|Any CPU.ActiveCfg = Debug|Any CPU
		{B0E9AFF5-A180-4B2C-8526-9D2F3F83F72E}.Debug|Any CPU.Build.0 = Debug|Any CPU
		{B0E9AFF5-A180-4B2C-8526-9D2F3F83F72E}.Release|Any CPU.ActiveCfg = Release|Any CPU
		{B0E9AFF5-A180-4B2C-8526-9D2F3F83F72E}.Release|Any CPU.Build.0 = Release|Any CPU
		{9F352281-0169-4A2F-887C-4888D402C708}.Debug|Any CPU.ActiveCfg = Debug|Any CPU
		{9F352281-0169-4A2F-887C-4888D402C708}.Debug|Any CPU.Build.0 = Debug|Any CPU
		{9F352281-0169-4A2F-887C-4888D402C708}.Release|Any CPU.ActiveCfg = Release|Any CPU
		{9F352281-0169-4A2F-887C-4888D402C708}.Release|Any CPU.Build.0 = Release|Any CPU
	EndGlobalSection
	GlobalSection(SolutionProperties) = preSolution
		HideSolutionNode = FALSE
	EndGlobalSection
EndGlobal
